
Microsoft Visual Studio Solution File, Format Version 12.00
# Visual Studio Version 17
VisualStudioVersion = 17.3.32901.215
MinimumVisualStudioVersion = 10.0.40219.1
Project("{FAE04EC0-301F-11D3-BF4B-00C04F79EFBC}") = "FinanceTracker", "FinanceTracker\FinanceTracker.csproj", "{5CB0E697-6835-4254-9FCF-036285CC533E}"
EndProject
Project("{2150E333-8FDC-42A3-9474-1A3956D46DE8}") = "Solution Items", "Solution Items", "{D8874F0B-1E90-455A-8A5F-1C98CE1691A0}"
	ProjectSection(SolutionItems) = preProject
		.editorconfig = .editorconfig
	EndProjectSection
EndProject
Global
	GlobalSection(SolutionConfigurationPlatforms) = preSolution
		Debug|Any CPU = Debug|Any CPU
		Release|Any CPU = Release|Any CPU
	EndGlobalSection
	GlobalSection(ProjectConfigurationPlatforms) = postSolution
		{5CB0E697-6835-4254-9FCF-036285CC533E}.Debug|Any CPU.ActiveCfg = Debug|Any CPU
		{5CB0E697-6835-4254-9FCF-036285CC533E}.Debug|Any CPU.Build.0 = Debug|Any CPU
		{5CB0E697-6835-4254-9FCF-036285CC533E}.Release|Any CPU.ActiveCfg = Release|Any CPU
		{5CB0E697-6835-4254-9FCF-036285CC533E}.Release|Any CPU.Build.0 = Release|Any CPU
	EndGlobalSection
	GlobalSection(SolutionProperties) = preSolution
		HideSolutionNode = FALSE
	EndGlobalSection
	GlobalSection(ExtensibilityGlobals) = postSolution
		SolutionGuid = {3F4A2101-4249-4E47-9D14-9B8306FFC2AD}
	EndGlobalSection
EndGlobal
